
Microsoft Visual Studio Solution File, Format Version 12.00
# Visual Studio Version 17
VisualStudioVersion = 17.3.32922.545
MinimumVisualStudioVersion = 10.0.40219.1
Project("{FAE04EC0-301F-11D3-BF4B-00C04F79EFBC}") = "GeometrieComputationala1", "GeometrieComputationala1\GeometrieComputationala1.csproj", "{286BB374-D1FE-496D-873E-360AFB19B562}"
EndProject
Global
	GlobalSection(SolutionConfigurationPlatforms) = preSolution
		Debug|Any CPU = Debug|Any CPU
		Release|Any CPU = Release|Any CPU
	EndGlobalSection
	GlobalSection(ProjectConfigurationPlatforms) = postSolution
		{286BB374-D1FE-496D-873E-360AFB19B562}.Debug|Any CPU.ActiveCfg = Debug|Any CPU
		{286BB374-D1FE-496D-873E-360AFB19B562}.Debug|Any CPU.Build.0 = Debug|Any CPU
		{286BB374-D1FE-496D-873E-360AFB19B562}.Release|Any CPU.ActiveCfg = Release|Any CPU
		{286BB374-D1FE-496D-873E-360AFB19B562}.Release|Any CPU.Build.0 = Release|Any CPU
	EndGlobalSection
	GlobalSection(SolutionProperties) = preSolution
		HideSolutionNode = FALSE
	EndGlobalSection
	GlobalSection(ExtensibilityGlobals) = postSolution
		SolutionGuid = {E2D83C33-D21E-4AF8-8435-51E5EBD33372}
	EndGlobalSection
EndGlobal
